// !$*UTF8*$!
{
	archiveVersion = 1;
	classes = {
	};
	objectVersion = 55;
	objects = {

/* Begin PBXBuildFile section */
		4126C3EF2866DA8F0081A676 /* AppDelegate.swift in Sources */ = {isa = PBXBuildFile; fileRef = 4126C3EE2866DA8F0081A676 /* AppDelegate.swift */; };
		4126C3F12866DA8F0081A676 /* SceneDelegate.swift in Sources */ = {isa = PBXBuildFile; fileRef = 4126C3F02866DA8F0081A676 /* SceneDelegate.swift */; };
		4126C3F32866DA8F0081A676 /* ViewController.swift in Sources */ = {isa = PBXBuildFile; fileRef = 4126C3F22866DA8F0081A676 /* ViewController.swift */; };
		4126C3F62866DA8F0081A676 /* Main.storyboard in Resources */ = {isa = PBXBuildFile; fileRef = 4126C3F42866DA8F0081A676 /* Main.storyboard */; };
		4126C3F82866DA900081A676 /* Assets.xcassets in Resources */ = {isa = PBXBuildFile; fileRef = 4126C3F72866DA900081A676 /* Assets.xcassets */; };
		4126C3FB2866DA900081A676 /* LaunchScreen.storyboard in Resources */ = {isa = PBXBuildFile; fileRef = 4126C3F92866DA900081A676 /* LaunchScreen.storyboard */; };
		6F5885ECD2C48DFD35E1F7AD /* Pods_HyperTranslate.framework in Frameworks */ = {isa = PBXBuildFile; fileRef = 4F96A0CDCA6B251D1D7E60E0 /* Pods_HyperTranslate.framework */; };
/* End PBXBuildFile section */

/* Begin PBXFileReference section */
		03457FCD00B210B3BB5968FD /* Pods-HyperTranslate.debug.xcconfig */ = {isa = PBXFileReference; includeInIndex = 1; lastKnownFileType = text.xcconfig; name = "Pods-HyperTranslate.debug.xcconfig"; path = "Target Support Files/Pods-HyperTranslate/Pods-HyperTranslate.debug.xcconfig"; sourceTree = "<group>"; };
		4126C3EB2866DA8F0081A676 /* HyperTranslate.app */ = {isa = PBXFileReference; explicitFileType = wrapper.application; includeInIndex = 0; path = HyperTranslate.app; sourceTree = BUILT_PRODUCTS_DIR; };
		4126C3EE2866DA8F0081A676 /* AppDelegate.swift */ = {isa = PBXFileReference; lastKnownFileType = sourcecode.swift; path = AppDelegate.swift; sourceTree = "<group>"; };
		4126C3F02866DA8F0081A676 /* SceneDelegate.swift */ = {isa = PBXFileReference; lastKnownFileType = sourcecode.swift; path = SceneDelegate.swift; sourceTree = "<group>"; };
		4126C3F22866DA8F0081A676 /* ViewController.swift */ = {isa = PBXFileReference; lastKnownFileType = sourcecode.swift; path = ViewController.swift; sourceTree = "<group>"; };
		4126C3F52866DA8F0081A676 /* Base */ = {isa = PBXFileReference; lastKnownFileType = file.storyboard; name = Base; path = Base.lproj/Main.storyboard; sourceTree = "<group>"; };
		4126C3F72866DA900081A676 /* Assets.xcassets */ = {isa = PBXFileReference; lastKnownFileType = folder.assetcatalog; path = Assets.xcassets; sourceTree = "<group>"; };
		4126C3FA2866DA900081A676 /* Base */ = {isa = PBXFileReference; lastKnownFileType = file.storyboard; name = Base; path = Base.lproj/LaunchScreen.storyboard; sourceTree = "<group>"; };
		4126C3FC2866DA900081A676 /* Info.plist */ = {isa = PBXFileReference; lastKnownFileType = text.plist.xml; path = Info.plist; sourceTree = "<group>"; };
		41837FE02882594A008504A8 /* HyperTranslate.entitlements */ = {isa = PBXFileReference; lastKnownFileType = text.plist.entitlements; path = HyperTranslate.entitlements; sourceTree = "<group>"; };
		4F96A0CDCA6B251D1D7E60E0 /* Pods_HyperTranslate.framework */ = {isa = PBXFileReference; explicitFileType = wrapper.framework; includeInIndex = 0; path = Pods_HyperTranslate.framework; sourceTree = BUILT_PRODUCTS_DIR; };
		D5C8B5AEB3F384E567A9C334 /* Pods-HyperTranslate.release.xcconfig */ = {isa = PBXFileReference; includeInIndex = 1; lastKnownFileType = text.xcconfig; name = "Pods-HyperTranslate.release.xcconfig"; path = "Target Support Files/Pods-HyperTranslate/Pods-HyperTranslate.release.xcconfig"; sourceTree = "<group>"; };
/* End PBXFileReference section */

/* Begin PBXFrameworksBuildPhase section */
		4126C3E82866DA8F0081A676 /* Frameworks */ = {
			isa = PBXFrameworksBuildPhase;
			buildActionMask = 2147483647;
			files = (
				6F5885ECD2C48DFD35E1F7AD /* Pods_HyperTranslate.framework in Frameworks */,
			);
			runOnlyForDeploymentPostprocessing = 0;
		};
/* End PBXFrameworksBuildPhase section */

/* Begin PBXGroup section */
		4126C3E22866DA8F0081A676 = {
			isa = PBXGroup;
			children = (
				4126C3ED2866DA8F0081A676 /* HyperTranslate */,
				4126C3EC2866DA8F0081A676 /* Products */,
				6CD308F84DACA6FF7F3A3206 /* Pods */,
				78F7F1B6F367908FF2149AF9 /* Frameworks */,
			);
			sourceTree = "<group>";
		};
		4126C3EC2866DA8F0081A676 /* Products */ = {
			isa = PBXGroup;
			children = (
				4126C3EB2866DA8F0081A676 /* HyperTranslate.app */,
			);
			name = Products;
			sourceTree = "<group>";
		};
		4126C3ED2866DA8F0081A676 /* HyperTranslate */ = {
			isa = PBXGroup;
			children = (
				41837FE02882594A008504A8 /* HyperTranslate.entitlements */,
				4126C3EE2866DA8F0081A676 /* AppDelegate.swift */,
				4126C3F02866DA8F0081A676 /* SceneDelegate.swift */,
				4126C3F22866DA8F0081A676 /* ViewController.swift */,
				4126C3F42866DA8F0081A676 /* Main.storyboard */,
				4126C3F72866DA900081A676 /* Assets.xcassets */,
				4126C3F92866DA900081A676 /* LaunchScreen.storyboard */,
				4126C3FC2866DA900081A676 /* Info.plist */,
			);
			path = HyperTranslate;
			sourceTree = "<group>";
		};
		6CD308F84DACA6FF7F3A3206 /* Pods */ = {
			isa = PBXGroup;
			children = (
				03457FCD00B210B3BB5968FD /* Pods-HyperTranslate.debug.xcconfig */,
				D5C8B5AEB3F384E567A9C334 /* Pods-HyperTranslate.release.xcconfig */,
			);
			path = Pods;
			sourceTree = "<group>";
		};
		78F7F1B6F367908FF2149AF9 /* Frameworks */ = {
			isa = PBXGroup;
			children = (
				4F96A0CDCA6B251D1D7E60E0 /* Pods_HyperTranslate.framework */,
			);
			name = Frameworks;
			sourceTree = "<group>";
		};
/* End PBXGroup section */

/* Begin PBXNativeTarget section */
		4126C3EA2866DA8F0081A676 /* HyperTranslate */ = {
			isa = PBXNativeTarget;
			buildConfigurationList = 4126C3FF2866DA900081A676 /* Build configuration list for PBXNativeTarget "HyperTranslate" */;
			buildPhases = (
				E4D6E00B89F03FD046E2EDAF /* [CP] Check Pods Manifest.lock */,
				4126C3E72866DA8F0081A676 /* Sources */,
				4126C3E82866DA8F0081A676 /* Frameworks */,
				4126C3E92866DA8F0081A676 /* Resources */,
				D80371D1F96A7F21A4B9404F /* [CP] Embed Pods Frameworks */,
				4B940DD317EDDAE7128622CC /* [CP] Copy Pods Resources */,
			);
			buildRules = (
			);
			dependencies = (
			);
			name = HyperTranslate;
			productName = HyperTranslate;
			productReference = 4126C3EB2866DA8F0081A676 /* HyperTranslate.app */;
			productType = "com.apple.product-type.application";
		};
/* End PBXNativeTarget section */

/* Begin PBXProject section */
		4126C3E32866DA8F0081A676 /* Project object */ = {
			isa = PBXProject;
			attributes = {
				BuildIndependentTargetsInParallel = 1;
				LastSwiftUpdateCheck = 1340;
				LastUpgradeCheck = 1340;
				TargetAttributes = {
					4126C3EA2866DA8F0081A676 = {
						CreatedOnToolsVersion = 13.4.1;
					};
				};
			};
			buildConfigurationList = 4126C3E62866DA8F0081A676 /* Build configuration list for PBXProject "HyperTranslate" */;
			compatibilityVersion = "Xcode 13.0";
			developmentRegion = en;
			hasScannedForEncodings = 0;
			knownRegions = (
				en,
				Base,
			);
			mainGroup = 4126C3E22866DA8F0081A676;
			productRefGroup = 4126C3EC2866DA8F0081A676 /* Products */;
			projectDirPath = "";
			projectRoot = "";
			targets = (
				4126C3EA2866DA8F0081A676 /* HyperTranslate */,
			);
		};
/* End PBXProject section */

/* Begin PBXResourcesBuildPhase section */
		4126C3E92866DA8F0081A676 /* Resources */ = {
			isa = PBXResourcesBuildPhase;
			buildActionMask = 2147483647;
			files = (
				4126C3FB2866DA900081A676 /* LaunchScreen.storyboard in Resources */,
				4126C3F82866DA900081A676 /* Assets.xcassets in Resources */,
				4126C3F62866DA8F0081A676 /* Main.storyboard in Resources */,
			);
			runOnlyForDeploymentPostprocessing = 0;
		};
/* End PBXResourcesBuildPhase section */

/* Begin PBXShellScriptBuildPhase section */
		4B940DD317EDDAE7128622CC /* [CP] Copy Pods Resources */ = {
			isa = PBXShellScriptBuildPhase;
			buildActionMask = 2147483647;
			files = (
			);
			inputFileListPaths = (
				"${PODS_ROOT}/Target Support Files/Pods-HyperTranslate/Pods-HyperTranslate-resources-${CONFIGURATION}-input-files.xcfilelist",
			);
			name = "[CP] Copy Pods Resources";
			outputFileListPaths = (
				"${PODS_ROOT}/Target Support Files/Pods-HyperTranslate/Pods-HyperTranslate-resources-${CONFIGURATION}-output-files.xcfilelist",
			);
			runOnlyForDeploymentPostprocessing = 0;
			shellPath = /bin/sh;
			shellScript = "\"${PODS_ROOT}/Target Support Files/Pods-HyperTranslate/Pods-HyperTranslate-resources.sh\"\n";
			showEnvVarsInLog = 0;
		};
		D80371D1F96A7F21A4B9404F /* [CP] Embed Pods Frameworks */ = {
			isa = PBXShellScriptBuildPhase;
			buildActionMask = 2147483647;
			files = (
			);
			inputFileListPaths = (
				"${PODS_ROOT}/Target Support Files/Pods-HyperTranslate/Pods-HyperTranslate-frameworks-${CONFIGURATION}-input-files.xcfilelist",
			);
			name = "[CP] Embed Pods Frameworks";
			outputFileListPaths = (
				"${PODS_ROOT}/Target Support Files/Pods-HyperTranslate/Pods-HyperTranslate-frameworks-${CONFIGURATION}-output-files.xcfilelist",
			);
			runOnlyForDeploymentPostprocessing = 0;
			shellPath = /bin/sh;
			shellScript = "\"${PODS_ROOT}/Target Support Files/Pods-HyperTranslate/Pods-HyperTranslate-frameworks.sh\"\n";
			showEnvVarsInLog = 0;
		};
		E4D6E00B89F03FD046E2EDAF /* [CP] Check Pods Manifest.lock */ = {
			isa = PBXShellScriptBuildPhase;
			buildActionMask = 2147483647;
			files = (
			);
			inputFileListPaths = (
			);
			inputPaths = (
				"${PODS_PODFILE_DIR_PATH}/Podfile.lock",
				"${PODS_ROOT}/Manifest.lock",
			);
			name = "[CP] Check Pods Manifest.lock";
			outputFileListPaths = (
			);
			outputPaths = (
				"$(DERIVED_FILE_DIR)/Pods-HyperTranslate-checkManifestLockResult.txt",
			);
			runOnlyForDeploymentPostprocessing = 0;
			shellPath = /bin/sh;
			shellScript = "diff \"${PODS_PODFILE_DIR_PATH}/Podfile.lock\" \"${PODS_ROOT}/Manifest.lock\" > /dev/null\nif [ $? != 0 ] ; then\n    # print error to STDERR\n    echo \"error: The sandbox is not in sync with the Podfile.lock. Run 'pod install' or update your CocoaPods installation.\" >&2\n    exit 1\nfi\n# This output is used by Xcode 'outputs' to avoid re-running this script phase.\necho \"SUCCESS\" > \"${SCRIPT_OUTPUT_FILE_0}\"\n";
			showEnvVarsInLog = 0;
		};
/* End PBXShellScriptBuildPhase section */

/* Begin PBXSourcesBuildPhase section */
		4126C3E72866DA8F0081A676 /* Sources */ = {
			isa = PBXSourcesBuildPhase;
			buildActionMask = 2147483647;
			files = (
				4126C3F32866DA8F0081A676 /* ViewController.swift in Sources */,
				4126C3EF2866DA8F0081A676 /* AppDelegate.swift in Sources */,
				4126C3F12866DA8F0081A676 /* SceneDelegate.swift in Sources */,
			);
			runOnlyForDeploymentPostprocessing = 0;
		};
/* End PBXSourcesBuildPhase section */

/* Begin PBXVariantGroup section */
		4126C3F42866DA8F0081A676 /* Main.storyboard */ = {
			isa = PBXVariantGroup;
			children = (
				4126C3F52866DA8F0081A676 /* Base */,
			);
			name = Main.storyboard;
			sourceTree = "<group>";
		};
		4126C3F92866DA900081A676 /* LaunchScreen.storyboard */ = {
			isa = PBXVariantGroup;
			children = (
				4126C3FA2866DA900081A676 /* Base */,
			);
			name = LaunchScreen.storyboard;
			sourceTree = "<group>";
		};
/* End PBXVariantGroup section */

/* Begin XCBuildConfiguration section */
		4126C3FD2866DA900081A676 /* Debug */ = {
			isa = XCBuildConfiguration;
			buildSettings = {
				ALWAYS_SEARCH_USER_PATHS = NO;
				CLANG_ANALYZER_NONNULL = YES;
				CLANG_ANALYZER_NUMBER_OBJECT_CONVERSION = YES_AGGRESSIVE;
				CLANG_CXX_LANGUAGE_STANDARD = "gnu++17";
				CLANG_ENABLE_MODULES = YES;
				CLANG_ENABLE_OBJC_ARC = YES;
				CLANG_ENABLE_OBJC_WEAK = YES;
				CLANG_WARN_BLOCK_CAPTURE_AUTORELEASING = YES;
				CLANG_WARN_BOOL_CONVERSION = YES;
				CLANG_WARN_COMMA = YES;
				CLANG_WARN_CONSTANT_CONVERSION = YES;
				CLANG_WARN_DEPRECATED_OBJC_IMPLEMENTATIONS = YES;
				CLANG_WARN_DIRECT_OBJC_ISA_USAGE = YES_ERROR;
				CLANG_WARN_DOCUMENTATION_COMMENTS = YES;
				CLANG_WARN_EMPTY_BODY = YES;
				CLANG_WARN_ENUM_CONVERSION = YES;
				CLANG_WARN_INFINITE_RECURSION = YES;
				CLANG_WARN_INT_CONVERSION = YES;
				CLANG_WARN_NON_LITERAL_NULL_CONVERSION = YES;
				CLANG_WARN_OBJC_IMPLICIT_RETAIN_SELF = YES;
				CLANG_WARN_OBJC_LITERAL_CONVERSION = YES;
				CLANG_WARN_OBJC_ROOT_CLASS = YES_ERROR;
				CLANG_WARN_QUOTED_INCLUDE_IN_FRAMEWORK_HEADER = YES;
				CLANG_WARN_RANGE_LOOP_ANALYSIS = YES;
				CLANG_WARN_STRICT_PROTOTYPES = YES;
				CLANG_WARN_SUSPICIOUS_MOVE = YES;
				CLANG_WARN_UNGUARDED_AVAILABILITY = YES_AGGRESSIVE;
				CLANG_WARN_UNREACHABLE_CODE = YES;
				CLANG_WARN__DUPLICATE_METHOD_MATCH = YES;
				CODE_SIGNING_ALLOWED = NO;
				COPY_PHASE_STRIP = NO;
				DEBUG_INFORMATION_FORMAT = dwarf;
				ENABLE_STRICT_OBJC_MSGSEND = YES;
				ENABLE_TESTABILITY = YES;
				GCC_C_LANGUAGE_STANDARD = gnu11;
				GCC_DYNAMIC_NO_PIC = NO;
				GCC_NO_COMMON_BLOCKS = YES;
				GCC_OPTIMIZATION_LEVEL = 0;
				GCC_PREPROCESSOR_DEFINITIONS = (
					"DEBUG=1",
					"$(inherited)",
				);
				GCC_WARN_64_TO_32_BIT_CONVERSION = YES;
				GCC_WARN_ABOUT_RETURN_TYPE = YES_ERROR;
				GCC_WARN_UNDECLARED_SELECTOR = YES;
				GCC_WARN_UNINITIALIZED_AUTOS = YES_AGGRESSIVE;
				GCC_WARN_UNUSED_FUNCTION = YES;
				GCC_WARN_UNUSED_VARIABLE = YES;
				IPHONEOS_DEPLOYMENT_TARGET = 15.5;
				MTL_ENABLE_DEBUG_INFO = INCLUDE_SOURCE;
				MTL_FAST_MATH = YES;
				ONLY_ACTIVE_ARCH = YES;
				SDKROOT = iphoneos;
				SWIFT_ACTIVE_COMPILATION_CONDITIONS = DEBUG;
				SWIFT_OPTIMIZATION_LEVEL = "-Onone";
			};
			name = Debug;
		};
		4126C3FE2866DA900081A676 /* Release */ = {
			isa = XCBuildConfiguration;
			buildSettings = {
				ALWAYS_SEARCH_USER_PATHS = NO;
				CLANG_ANALYZER_NONNULL = YES;
				CLANG_ANALYZER_NUMBER_OBJECT_CONVERSION = YES_AGGRESSIVE;
				CLANG_CXX_LANGUAGE_STANDARD = "gnu++17";
				CLANG_ENABLE_MODULES = YES;
				CLANG_ENABLE_OBJC_ARC = YES;
				CLANG_ENABLE_OBJC_WEAK = YES;
				CLANG_WARN_BLOCK_CAPTURE_AUTORELEASING = YES;
				CLANG_WARN_BOOL_CONVERSION = YES;
				CLANG_WARN_COMMA = YES;
				CLANG_WARN_CONSTANT_CONVERSION = YES;
				CLANG_WARN_DEPRECATED_OBJC_IMPLEMENTATIONS = YES;
				CLANG_WARN_DIRECT_OBJC_ISA_USAGE = YES_ERROR;
				CLANG_WARN_DOCUMENTATION_COMMENTS = YES;
				CLANG_WARN_EMPTY_BODY = YES;
				CLANG_WARN_ENUM_CONVERSION = YES;
				CLANG_WARN_INFINITE_RECURSION = YES;
				CLANG_WARN_INT_CONVERSION = YES;
				CLANG_WARN_NON_LITERAL_NULL_CONVERSION = YES;
				CLANG_WARN_OBJC_IMPLICIT_RETAIN_SELF = YES;
				CLANG_WARN_OBJC_LITERAL_CONVERSION = YES;
				CLANG_WARN_OBJC_ROOT_CLASS = YES_ERROR;
				CLANG_WARN_QUOTED_INCLUDE_IN_FRAMEWORK_HEADER = YES;
				CLANG_WARN_RANGE_LOOP_ANALYSIS = YES;
				CLANG_WARN_STRICT_PROTOTYPES = YES;
				CLANG_WARN_SUSPICIOUS_MOVE = YES;
				CLANG_WARN_UNGUARDED_AVAILABILITY = YES_AGGRESSIVE;
				CLANG_WARN_UNREACHABLE_CODE = YES;
				CLANG_WARN__DUPLICATE_METHOD_MATCH = YES;
				CODE_SIGNING_ALLOWED = NO;
				COPY_PHASE_STRIP = NO;
				DEBUG_INFORMATION_FORMAT = "dwarf-with-dsym";
				ENABLE_NS_ASSERTIONS = NO;
				ENABLE_STRICT_OBJC_MSGSEND = YES;
				GCC_C_LANGUAGE_STANDARD = gnu11;
				GCC_NO_COMMON_BLOCKS = YES;
				GCC_WARN_64_TO_32_BIT_CONVERSION = YES;
				GCC_WARN_ABOUT_RETURN_TYPE = YES_ERROR;
				GCC_WARN_UNDECLARED_SELECTOR = YES;
				GCC_WARN_UNINITIALIZED_AUTOS = YES_AGGRESSIVE;
				GCC_WARN_UNUSED_FUNCTION = YES;
				GCC_WARN_UNUSED_VARIABLE = YES;
				IPHONEOS_DEPLOYMENT_TARGET = 15.5;
				MTL_ENABLE_DEBUG_INFO = NO;
				MTL_FAST_MATH = YES;
				SDKROOT = iphoneos;
				SWIFT_COMPILATION_MODE = wholemodule;
				SWIFT_OPTIMIZATION_LEVEL = "-O";
				VALIDATE_PRODUCT = YES;
			};
			name = Release;
		};
		4126C4002866DA900081A676 /* Debug */ = {
			isa = XCBuildConfiguration;
			baseConfigurationReference = 03457FCD00B210B3BB5968FD /* Pods-HyperTranslate.debug.xcconfig */;
			buildSettings = {
				ASSETCATALOG_COMPILER_APPICON_NAME = AppIcon;
				ASSETCATALOG_COMPILER_GLOBAL_ACCENT_COLOR_NAME = AccentColor;
				CODE_SIGN_ENTITLEMENTS = HyperTranslate/HyperTranslate.entitlements;
				CODE_SIGN_STYLE = Manual;
				CURRENT_PROJECT_VERSION = 1;
				DEVELOPMENT_TEAM = "";
				GENERATE_INFOPLIST_FILE = YES;
				INFOPLIST_FILE = HyperTranslate/Info.plist;
				INFOPLIST_KEY_UIApplicationSupportsIndirectInputEvents = YES;
				INFOPLIST_KEY_UILaunchStoryboardName = LaunchScreen;
				INFOPLIST_KEY_UIMainStoryboardFile = Main;
				INFOPLIST_KEY_UISupportedInterfaceOrientations_iPad = "UIInterfaceOrientationPortrait UIInterfaceOrientationPortraitUpsideDown UIInterfaceOrientationLandscapeLeft UIInterfaceOrientationLandscapeRight";
				INFOPLIST_KEY_UISupportedInterfaceOrientations_iPhone = "UIInterfaceOrientationPortrait UIInterfaceOrientationLandscapeLeft UIInterfaceOrientationLandscapeRight";
				LD_RUNPATH_SEARCH_PATHS = (
					"$(inherited)",
					"@executable_path/Frameworks",
				);
				MARKETING_VERSION = 1.0;
				PRODUCT_BUNDLE_IDENTIFIER = com.ravbug.HyperTranslate;
				PRODUCT_NAME = "$(TARGET_NAME)";
				PROVISIONING_PROFILE_SPECIFIER = "";
				"PROVISIONING_PROFILE_SPECIFIER[sdk=macosx*]" = "";
				SUPPORTS_MACCATALYST = YES;
				SWIFT_EMIT_LOC_STRINGS = YES;
				SWIFT_VERSION = 5.0;
				TARGETED_DEVICE_FAMILY = "1,2";
			};
			name = Debug;
		};
		4126C4012866DA900081A676 /* Release */ = {
			isa = XCBuildConfiguration;
			baseConfigurationReference = D5C8B5AEB3F384E567A9C334 /* Pods-HyperTranslate.release.xcconfig */;
			buildSettings = {
				ASSETCATALOG_COMPILER_APPICON_NAME = AppIcon;
				ASSETCATALOG_COMPILER_GLOBAL_ACCENT_COLOR_NAME = AccentColor;
				CODE_SIGN_ENTITLEMENTS = HyperTranslate/HyperTranslate.entitlements;
				CODE_SIGN_STYLE = Manual;
				CURRENT_PROJECT_VERSION = 1;
				DEVELOPMENT_TEAM = "";
				GENERATE_INFOPLIST_FILE = YES;
				INFOPLIST_FILE = HyperTranslate/Info.plist;
				INFOPLIST_KEY_UIApplicationSupportsIndirectInputEvents = YES;
				INFOPLIST_KEY_UILaunchStoryboardName = LaunchScreen;
				INFOPLIST_KEY_UIMainStoryboardFile = Main;
				INFOPLIST_KEY_UISupportedInterfaceOrientations_iPad = "UIInterfaceOrientationPortrait UIInterfaceOrientationPortraitUpsideDown UIInterfaceOrientationLandscapeLeft UIInterfaceOrientationLandscapeRight";
				INFOPLIST_KEY_UISupportedInterfaceOrientations_iPhone = "UIInterfaceOrientationPortrait UIInterfaceOrientationLandscapeLeft UIInterfaceOrientationLandscapeRight";
				LD_RUNPATH_SEARCH_PATHS = (
					"$(inherited)",
					"@executable_path/Frameworks",
				);
				MARKETING_VERSION = 1.0;
				PRODUCT_BUNDLE_IDENTIFIER = com.ravbug.HyperTranslate;
				PRODUCT_NAME = "$(TARGET_NAME)";
				PROVISIONING_PROFILE_SPECIFIER = "";
				"PROVISIONING_PROFILE_SPECIFIER[sdk=macosx*]" = "";
				SUPPORTS_MACCATALYST = YES;
				SWIFT_EMIT_LOC_STRINGS = YES;
				SWIFT_VERSION = 5.0;
				TARGETED_DEVICE_FAMILY = "1,2";
			};
			name = Release;
		};
/* End XCBuildConfiguration section */

/* Begin XCConfigurationList section */
		4126C3E62866DA8F0081A676 /* Build configuration list for PBXProject "HyperTranslate" */ = {
			isa = XCConfigurationList;
			buildConfigurations = (
				4126C3FD2866DA900081A676 /* Debug */,
				4126C3FE2866DA900081A676 /* Release */,
			);
			defaultConfigurationIsVisible = 0;
			defaultConfigurationName = Release;
		};
		4126C3FF2866DA900081A676 /* Build configuration list for PBXNativeTarget "HyperTranslate" */ = {
			isa = XCConfigurationList;
			buildConfigurations = (
				4126C4002866DA900081A676 /* Debug */,
				4126C4012866DA900081A676 /* Release */,
			);
			defaultConfigurationIsVisible = 0;
			defaultConfigurationName = Release;
		};
/* End XCConfigurationList section */
	};
	rootObject = 4126C3E32866DA8F0081A676 /* Project object */;
}
