// !$*UTF8*$!
{
	archiveVersion = 1;
	classes = {
	};
	objectVersion = 50;
	objects = {

/* Begin PBXBuildFile section */
		417BA53B24C0E414001DC6A5 /* OperationBase.cpp in Sources */ = {isa = PBXBuildFile; fileRef = 419826DD248B7739005340F8 /* OperationBase.cpp */; };
		417BA53D24C0E4AE001DC6A5 /* HadesSJSON.cpp in Sources */ = {isa = PBXBuildFile; fileRef = 417BA53C24C0E4AE001DC6A5 /* HadesSJSON.cpp */; };
		419826DE248B7739005340F8 /* OperationBase.cpp in Sources */ = {isa = PBXBuildFile; fileRef = 419826DD248B7739005340F8 /* OperationBase.cpp */; };
		419826E1248B7740005340F8 /* MinecraftTranslate.cpp in Sources */ = {isa = PBXBuildFile; fileRef = 419826DF248B7740005340F8 /* MinecraftTranslate.cpp */; };
/* End PBXBuildFile section */

/* Begin PBXCopyFilesBuildPhase section */
		411A02E7248B52B1000DEAD9 /* CopyFiles */ = {
			isa = PBXCopyFilesBuildPhase;
			buildActionMask = 2147483647;
			dstPath = /usr/share/man/man1/;
			dstSubfolderSpec = 0;
			files = (
			);
			runOnlyForDeploymentPostprocessing = 1;
		};
		417BA53224C0E402001DC6A5 /* CopyFiles */ = {
			isa = PBXCopyFilesBuildPhase;
			buildActionMask = 2147483647;
			dstPath = /usr/share/man/man1/;
			dstSubfolderSpec = 0;
			files = (
			);
			runOnlyForDeploymentPostprocessing = 1;
		};
/* End PBXCopyFilesBuildPhase section */

/* Begin PBXFileReference section */
		411A02E9248B52B1000DEAD9 /* MinecraftSplitter */ = {isa = PBXFileReference; explicitFileType = "compiled.mach-o.executable"; includeInIndex = 0; path = MinecraftSplitter; sourceTree = BUILT_PRODUCTS_DIR; };
		417BA53424C0E402001DC6A5 /* HadesSJSON */ = {isa = PBXFileReference; explicitFileType = "compiled.mach-o.executable"; includeInIndex = 0; path = HadesSJSON; sourceTree = BUILT_PRODUCTS_DIR; };
		417BA53C24C0E4AE001DC6A5 /* HadesSJSON.cpp */ = {isa = PBXFileReference; fileEncoding = 4; lastKnownFileType = sourcecode.cpp.cpp; path = HadesSJSON.cpp; sourceTree = SOURCE_ROOT; };
		419826DC248B7739005340F8 /* OperationBase.h */ = {isa = PBXFileReference; fileEncoding = 4; lastKnownFileType = sourcecode.c.h; name = OperationBase.h; path = src/OperationBase.h; sourceTree = SOURCE_ROOT; };
		419826DD248B7739005340F8 /* OperationBase.cpp */ = {isa = PBXFileReference; fileEncoding = 4; lastKnownFileType = sourcecode.cpp.cpp; name = OperationBase.cpp; path = src/OperationBase.cpp; sourceTree = SOURCE_ROOT; };
		419826DF248B7740005340F8 /* MinecraftTranslate.cpp */ = {isa = PBXFileReference; fileEncoding = 4; lastKnownFileType = sourcecode.cpp.cpp; name = MinecraftTranslate.cpp; path = src/MinecraftTranslate.cpp; sourceTree = SOURCE_ROOT; };
		419826E0248B7740005340F8 /* MinecraftTranslate.h */ = {isa = PBXFileReference; fileEncoding = 4; lastKnownFileType = sourcecode.c.h; name = MinecraftTranslate.h; path = src/MinecraftTranslate.h; sourceTree = SOURCE_ROOT; };
/* End PBXFileReference section */

/* Begin PBXFrameworksBuildPhase section */
		411A02E6248B52B1000DEAD9 /* Frameworks */ = {
			isa = PBXFrameworksBuildPhase;
			buildActionMask = 2147483647;
			files = (
			);
			runOnlyForDeploymentPostprocessing = 0;
		};
		417BA53124C0E402001DC6A5 /* Frameworks */ = {
			isa = PBXFrameworksBuildPhase;
			buildActionMask = 2147483647;
			files = (
			);
			runOnlyForDeploymentPostprocessing = 0;
		};
/* End PBXFrameworksBuildPhase section */

/* Begin PBXGroup section */
		411A02EA248B52B1000DEAD9 /* MinecraftSplitter */ = {
			isa = PBXGroup;
			children = (
				419826DF248B7740005340F8 /* MinecraftTranslate.cpp */,
				419826E0248B7740005340F8 /* MinecraftTranslate.h */,
			);
			path = MinecraftSplitter;
			sourceTree = "<group>";
		};
		417BA53F24C0E5D9001DC6A5 /* HadesCSV */ = {
			isa = PBXGroup;
			children = (
				417BA53C24C0E4AE001DC6A5 /* HadesSJSON.cpp */,
			);
			name = HadesCSV;
			sourceTree = "<group>";
		};
		41D1BD4C248AF98D00109D5E = {
			isa = PBXGroup;
			children = (
				41D1BD57248AF98D00109D5E /* Core */,
				417BA53F24C0E5D9001DC6A5 /* HadesCSV */,
				411A02EA248B52B1000DEAD9 /* MinecraftSplitter */,
				41D1BD56248AF98D00109D5E /* Products */,
			);
			sourceTree = "<group>";
		};
		41D1BD56248AF98D00109D5E /* Products */ = {
			isa = PBXGroup;
			children = (
				411A02E9248B52B1000DEAD9 /* MinecraftSplitter */,
				417BA53424C0E402001DC6A5 /* HadesSJSON */,
			);
			name = Products;
			sourceTree = "<group>";
		};
		41D1BD57248AF98D00109D5E /* Core */ = {
			isa = PBXGroup;
			children = (
				419826DD248B7739005340F8 /* OperationBase.cpp */,
				419826DC248B7739005340F8 /* OperationBase.h */,
			);
			path = Core;
			sourceTree = "<group>";
		};
/* End PBXGroup section */

/* Begin PBXNativeTarget section */
		411A02E8248B52B1000DEAD9 /* MinecraftSplitter */ = {
			isa = PBXNativeTarget;
			buildConfigurationList = 411A02ED248B52B1000DEAD9 /* Build configuration list for PBXNativeTarget "MinecraftSplitter" */;
			buildPhases = (
				411A02E5248B52B1000DEAD9 /* Sources */,
				411A02E6248B52B1000DEAD9 /* Frameworks */,
				411A02E7248B52B1000DEAD9 /* CopyFiles */,
			);
			buildRules = (
			);
			dependencies = (
			);
			name = MinecraftSplitter;
			productName = MinecraftSplitter;
			productReference = 411A02E9248B52B1000DEAD9 /* MinecraftSplitter */;
			productType = "com.apple.product-type.tool";
		};
		417BA53324C0E402001DC6A5 /* HadesSJSON */ = {
			isa = PBXNativeTarget;
			buildConfigurationList = 417BA53A24C0E402001DC6A5 /* Build configuration list for PBXNativeTarget "HadesSJSON" */;
			buildPhases = (
				417BA53024C0E402001DC6A5 /* Sources */,
				417BA53124C0E402001DC6A5 /* Frameworks */,
				417BA53224C0E402001DC6A5 /* CopyFiles */,
			);
			buildRules = (
			);
			dependencies = (
			);
			name = HadesSJSON;
			productName = HadesCSV;
			productReference = 417BA53424C0E402001DC6A5 /* HadesSJSON */;
			productType = "com.apple.product-type.tool";
		};
/* End PBXNativeTarget section */

/* Begin PBXProject section */
		41D1BD4D248AF98D00109D5E /* Project object */ = {
			isa = PBXProject;
			attributes = {
				LastUpgradeCheck = 1130;
				ORGANIZATIONNAME = Ravbug;
				TargetAttributes = {
					411A02E8248B52B1000DEAD9 = {
						CreatedOnToolsVersion = 11.3.1;
					};
					417BA53324C0E402001DC6A5 = {
						CreatedOnToolsVersion = 11.3.1;
					};
				};
			};
			buildConfigurationList = 41D1BD50248AF98D00109D5E /* Build configuration list for PBXProject "mac" */;
			compatibilityVersion = "Xcode 9.3";
			developmentRegion = en;
			hasScannedForEncodings = 0;
			knownRegions = (
				en,
				Base,
			);
			mainGroup = 41D1BD4C248AF98D00109D5E;
			productRefGroup = 41D1BD56248AF98D00109D5E /* Products */;
			projectDirPath = "";
			projectRoot = "";
			targets = (
				411A02E8248B52B1000DEAD9 /* MinecraftSplitter */,
				417BA53324C0E402001DC6A5 /* HadesSJSON */,
			);
		};
/* End PBXProject section */

/* Begin PBXSourcesBuildPhase section */
		411A02E5248B52B1000DEAD9 /* Sources */ = {
			isa = PBXSourcesBuildPhase;
			buildActionMask = 2147483647;
			files = (
				419826E1248B7740005340F8 /* MinecraftTranslate.cpp in Sources */,
				419826DE248B7739005340F8 /* OperationBase.cpp in Sources */,
			);
			runOnlyForDeploymentPostprocessing = 0;
		};
		417BA53024C0E402001DC6A5 /* Sources */ = {
			isa = PBXSourcesBuildPhase;
			buildActionMask = 2147483647;
			files = (
				417BA53B24C0E414001DC6A5 /* OperationBase.cpp in Sources */,
				417BA53D24C0E4AE001DC6A5 /* HadesSJSON.cpp in Sources */,
			);
			runOnlyForDeploymentPostprocessing = 0;
		};
/* End PBXSourcesBuildPhase section */

/* Begin XCBuildConfiguration section */
		411A02EE248B52B1000DEAD9 /* Debug */ = {
			isa = XCBuildConfiguration;
			buildSettings = {
				CODE_SIGN_STYLE = Automatic;
				PRODUCT_NAME = "$(TARGET_NAME)";
			};
			name = Debug;
		};
		411A02EF248B52B1000DEAD9 /* Release */ = {
			isa = XCBuildConfiguration;
			buildSettings = {
				CODE_SIGN_STYLE = Automatic;
				PRODUCT_NAME = "$(TARGET_NAME)";
			};
			name = Release;
		};
		417BA53824C0E402001DC6A5 /* Debug */ = {
			isa = XCBuildConfiguration;
			buildSettings = {
				CLANG_CXX_LANGUAGE_STANDARD = "gnu++14";
				CLANG_CXX_LIBRARY = "libc++";
				CODE_SIGN_STYLE = Automatic;
				PRODUCT_NAME = "$(TARGET_NAME)";
			};
			name = Debug;
		};
		417BA53924C0E402001DC6A5 /* Release */ = {
			isa = XCBuildConfiguration;
			buildSettings = {
				CLANG_CXX_LANGUAGE_STANDARD = "gnu++14";
				CLANG_CXX_LIBRARY = "libc++";
				CODE_SIGN_STYLE = Automatic;
				PRODUCT_NAME = "$(TARGET_NAME)";
			};
			name = Release;
		};
		41D1BD5A248AF98D00109D5E /* Debug */ = {
			isa = XCBuildConfiguration;
			buildSettings = {
				ALWAYS_SEARCH_USER_PATHS = NO;
				CLANG_ANALYZER_NONNULL = YES;
				CLANG_ANALYZER_NUMBER_OBJECT_CONVERSION = YES_AGGRESSIVE;
				CLANG_CXX_LANGUAGE_STANDARD = "c++17";
				CLANG_CXX_LIBRARY = "compiler-default";
				CLANG_ENABLE_MODULES = YES;
				CLANG_ENABLE_OBJC_ARC = YES;
				CLANG_ENABLE_OBJC_WEAK = YES;
				CLANG_WARN_BLOCK_CAPTURE_AUTORELEASING = YES;
				CLANG_WARN_BOOL_CONVERSION = YES;
				CLANG_WARN_COMMA = YES;
				CLANG_WARN_CONSTANT_CONVERSION = YES;
				CLANG_WARN_DEPRECATED_OBJC_IMPLEMENTATIONS = YES;
				CLANG_WARN_DIRECT_OBJC_ISA_USAGE = YES_ERROR;
				CLANG_WARN_DOCUMENTATION_COMMENTS = YES;
				CLANG_WARN_EMPTY_BODY = YES;
				CLANG_WARN_ENUM_CONVERSION = YES;
				CLANG_WARN_INFINITE_RECURSION = YES;
				CLANG_WARN_INT_CONVERSION = YES;
				CLANG_WARN_NON_LITERAL_NULL_CONVERSION = YES;
				CLANG_WARN_OBJC_IMPLICIT_RETAIN_SELF = YES;
				CLANG_WARN_OBJC_LITERAL_CONVERSION = YES;
				CLANG_WARN_OBJC_ROOT_CLASS = YES_ERROR;
				CLANG_WARN_RANGE_LOOP_ANALYSIS = YES;
				CLANG_WARN_STRICT_PROTOTYPES = YES;
				CLANG_WARN_SUSPICIOUS_MOVE = YES;
				CLANG_WARN_UNGUARDED_AVAILABILITY = YES_AGGRESSIVE;
				CLANG_WARN_UNREACHABLE_CODE = YES;
				CLANG_WARN__DUPLICATE_METHOD_MATCH = YES;
				COPY_PHASE_STRIP = NO;
				DEBUG_INFORMATION_FORMAT = dwarf;
				ENABLE_STRICT_OBJC_MSGSEND = YES;
				ENABLE_TESTABILITY = YES;
				GCC_C_LANGUAGE_STANDARD = gnu11;
				GCC_DYNAMIC_NO_PIC = NO;
				GCC_NO_COMMON_BLOCKS = YES;
				GCC_OPTIMIZATION_LEVEL = 0;
				GCC_PREPROCESSOR_DEFINITIONS = (
					"DEBUG=1",
					"$(inherited)",
				);
				GCC_WARN_64_TO_32_BIT_CONVERSION = YES;
				GCC_WARN_ABOUT_RETURN_TYPE = YES_ERROR;
				GCC_WARN_UNDECLARED_SELECTOR = YES;
				GCC_WARN_UNINITIALIZED_AUTOS = YES_AGGRESSIVE;
				GCC_WARN_UNUSED_FUNCTION = YES;
				GCC_WARN_UNUSED_VARIABLE = YES;
				HEADER_SEARCH_PATHS = "$(PROJECT_DIR)/include/";
				MACOSX_DEPLOYMENT_TARGET = 10.14;
				MTL_ENABLE_DEBUG_INFO = INCLUDE_SOURCE;
				MTL_FAST_MATH = YES;
				ONLY_ACTIVE_ARCH = YES;
				SDKROOT = macosx;
			};
			name = Debug;
		};
		41D1BD5B248AF98D00109D5E /* Release */ = {
			isa = XCBuildConfiguration;
			buildSettings = {
				ALWAYS_SEARCH_USER_PATHS = NO;
				CLANG_ANALYZER_NONNULL = YES;
				CLANG_ANALYZER_NUMBER_OBJECT_CONVERSION = YES_AGGRESSIVE;
				CLANG_CXX_LANGUAGE_STANDARD = "c++17";
				CLANG_CXX_LIBRARY = "compiler-default";
				CLANG_ENABLE_MODULES = YES;
				CLANG_ENABLE_OBJC_ARC = YES;
				CLANG_ENABLE_OBJC_WEAK = YES;
				CLANG_WARN_BLOCK_CAPTURE_AUTORELEASING = YES;
				CLANG_WARN_BOOL_CONVERSION = YES;
				CLANG_WARN_COMMA = YES;
				CLANG_WARN_CONSTANT_CONVERSION = YES;
				CLANG_WARN_DEPRECATED_OBJC_IMPLEMENTATIONS = YES;
				CLANG_WARN_DIRECT_OBJC_ISA_USAGE = YES_ERROR;
				CLANG_WARN_DOCUMENTATION_COMMENTS = YES;
				CLANG_WARN_EMPTY_BODY = YES;
				CLANG_WARN_ENUM_CONVERSION = YES;
				CLANG_WARN_INFINITE_RECURSION = YES;
				CLANG_WARN_INT_CONVERSION = YES;
				CLANG_WARN_NON_LITERAL_NULL_CONVERSION = YES;
				CLANG_WARN_OBJC_IMPLICIT_RETAIN_SELF = YES;
				CLANG_WARN_OBJC_LITERAL_CONVERSION = YES;
				CLANG_WARN_OBJC_ROOT_CLASS = YES_ERROR;
				CLANG_WARN_RANGE_LOOP_ANALYSIS = YES;
				CLANG_WARN_STRICT_PROTOTYPES = YES;
				CLANG_WARN_SUSPICIOUS_MOVE = YES;
				CLANG_WARN_UNGUARDED_AVAILABILITY = YES_AGGRESSIVE;
				CLANG_WARN_UNREACHABLE_CODE = YES;
				CLANG_WARN__DUPLICATE_METHOD_MATCH = YES;
				COPY_PHASE_STRIP = NO;
				DEBUG_INFORMATION_FORMAT = "dwarf-with-dsym";
				ENABLE_NS_ASSERTIONS = NO;
				ENABLE_STRICT_OBJC_MSGSEND = YES;
				GCC_C_LANGUAGE_STANDARD = gnu11;
				GCC_NO_COMMON_BLOCKS = YES;
				GCC_WARN_64_TO_32_BIT_CONVERSION = YES;
				GCC_WARN_ABOUT_RETURN_TYPE = YES_ERROR;
				GCC_WARN_UNDECLARED_SELECTOR = YES;
				GCC_WARN_UNINITIALIZED_AUTOS = YES_AGGRESSIVE;
				GCC_WARN_UNUSED_FUNCTION = YES;
				GCC_WARN_UNUSED_VARIABLE = YES;
				HEADER_SEARCH_PATHS = "$(PROJECT_DIR)/include/";
				MACOSX_DEPLOYMENT_TARGET = 10.14;
				MTL_ENABLE_DEBUG_INFO = NO;
				MTL_FAST_MATH = YES;
				SDKROOT = macosx;
			};
			name = Release;
		};
/* End XCBuildConfiguration section */

/* Begin XCConfigurationList section */
		411A02ED248B52B1000DEAD9 /* Build configuration list for PBXNativeTarget "MinecraftSplitter" */ = {
			isa = XCConfigurationList;
			buildConfigurations = (
				411A02EE248B52B1000DEAD9 /* Debug */,
				411A02EF248B52B1000DEAD9 /* Release */,
			);
			defaultConfigurationIsVisible = 0;
			defaultConfigurationName = Release;
		};
		417BA53A24C0E402001DC6A5 /* Build configuration list for PBXNativeTarget "HadesSJSON" */ = {
			isa = XCConfigurationList;
			buildConfigurations = (
				417BA53824C0E402001DC6A5 /* Debug */,
				417BA53924C0E402001DC6A5 /* Release */,
			);
			defaultConfigurationIsVisible = 0;
			defaultConfigurationName = Release;
		};
		41D1BD50248AF98D00109D5E /* Build configuration list for PBXProject "mac" */ = {
			isa = XCConfigurationList;
			buildConfigurations = (
				41D1BD5A248AF98D00109D5E /* Debug */,
				41D1BD5B248AF98D00109D5E /* Release */,
			);
			defaultConfigurationIsVisible = 0;
			defaultConfigurationName = Release;
		};
/* End XCConfigurationList section */
	};
	rootObject = 41D1BD4D248AF98D00109D5E /* Project object */;
}
